
Microsoft Visual Studio Solution File, Format Version 12.00
# Visual Studio Version 16
VisualStudioVersion = 16.0.30523.141
MinimumVisualStudioVersion = 10.0.40219.1
Project("{9A19103F-16F7-4668-BE54-9A1E7A4F7556}") = "GetWebServerData", "GetWebServerData\GetWebServerData.csproj", "{8A70E930-4A74-4E76-A55A-F619FB18D5EE}"
EndProject
Project("{9A19103F-16F7-4668-BE54-9A1E7A4F7556}") = "DisplayData", "DisplayData\DisplayData.csproj", "{C0358CAC-48F5-424D-B663-6DAE402A4DA2}"
EndProject
Project("{9A19103F-16F7-4668-BE54-9A1E7A4F7556}") = "DataModel_Pokemon", "DataModel_Pokemon\DataModel_Pokemon.csproj", "{90E5998A-C5DE-4C84-BA32-539C0EFEB6E3}"
EndProject
Project("{FAE04EC0-301F-11D3-BF4B-00C04F79EFBC}") = "TestUnit_Net", "TestUnit\TestUnit_Net.csproj", "{333D3234-872E-4A45-9501-E1B58F3F2180}"
EndProject
Project("{FAE04EC0-301F-11D3-BF4B-00C04F79EFBC}") = "TestUnit_XUnit", "TestUnit_XUnit\TestUnit_XUnit.csproj", "{23E33733-6F64-4549-8E3A-F81CF2547387}"
EndProject
Global
	GlobalSection(SolutionConfigurationPlatforms) = preSolution
		Debug|Any CPU = Debug|Any CPU
		Release|Any CPU = Release|Any CPU
	EndGlobalSection
	GlobalSection(ProjectConfigurationPlatforms) = postSolution
		{8A70E930-4A74-4E76-A55A-F619FB18D5EE}.Debug|Any CPU.ActiveCfg = Debug|Any CPU
		{8A70E930-4A74-4E76-A55A-F619FB18D5EE}.Debug|Any CPU.Build.0 = Debug|Any CPU
		{8A70E930-4A74-4E76-A55A-F619FB18D5EE}.Release|Any CPU.ActiveCfg = Release|Any CPU
		{8A70E930-4A74-4E76-A55A-F619FB18D5EE}.Release|Any CPU.Build.0 = Release|Any CPU
		{C0358CAC-48F5-424D-B663-6DAE402A4DA2}.Debug|Any CPU.ActiveCfg = Debug|Any CPU
		{C0358CAC-48F5-424D-B663-6DAE402A4DA2}.Debug|Any CPU.Build.0 = Debug|Any CPU
		{C0358CAC-48F5-424D-B663-6DAE402A4DA2}.Release|Any CPU.ActiveCfg = Release|Any CPU
		{C0358CAC-48F5-424D-B663-6DAE402A4DA2}.Release|Any CPU.Build.0 = Release|Any CPU
		{90E5998A-C5DE-4C84-BA32-539C0EFEB6E3}.Debug|Any CPU.ActiveCfg = Debug|Any CPU
		{90E5998A-C5DE-4C84-BA32-539C0EFEB6E3}.Debug|Any CPU.Build.0 = Debug|Any CPU
		{90E5998A-C5DE-4C84-BA32-539C0EFEB6E3}.Release|Any CPU.ActiveCfg = Release|Any CPU
		{90E5998A-C5DE-4C84-BA32-539C0EFEB6E3}.Release|Any CPU.Build.0 = Release|Any CPU
		{333D3234-872E-4A45-9501-E1B58F3F2180}.Debug|Any CPU.ActiveCfg = Debug|Any CPU
		{333D3234-872E-4A45-9501-E1B58F3F2180}.Debug|Any CPU.Build.0 = Debug|Any CPU
		{333D3234-872E-4A45-9501-E1B58F3F2180}.Release|Any CPU.ActiveCfg = Release|Any CPU
		{333D3234-872E-4A45-9501-E1B58F3F2180}.Release|Any CPU.Build.0 = Release|Any CPU
		{23E33733-6F64-4549-8E3A-F81CF2547387}.Debug|Any CPU.ActiveCfg = Debug|Any CPU
		{23E33733-6F64-4549-8E3A-F81CF2547387}.Debug|Any CPU.Build.0 = Debug|Any CPU
		{23E33733-6F64-4549-8E3A-F81CF2547387}.Release|Any CPU.ActiveCfg = Release|Any CPU
		{23E33733-6F64-4549-8E3A-F81CF2547387}.Release|Any CPU.Build.0 = Release|Any CPU
	EndGlobalSection
	GlobalSection(SolutionProperties) = preSolution
		HideSolutionNode = FALSE
	EndGlobalSection
	GlobalSection(ExtensibilityGlobals) = postSolution
		SolutionGuid = {C1A224C9-6B80-4ACD-954D-17938D423508}
	EndGlobalSection
EndGlobal
